
Microsoft Visual Studio Solution File, Format Version 12.00
# Visual Studio Version 17
VisualStudioVersion = 17.9.34526.213
MinimumVisualStudioVersion = 10.0.40219.1
Project("{9A19103F-16F7-4668-BE54-9A1E7A4F7556}") = "EgyptShoppersHub", "EgyptShopper'sHub\EgyptShoppersHub.csproj", "{71613360-790A-421A-B2A7-1ADC88661819}"
EndProject
Project("{FAE04EC0-301F-11D3-BF4B-00C04F79EFBC}") = "EgyptShoppersHubCore", "EgyptShoppersHubCore\EgyptShoppersHubCore.csproj", "{313A9230-971B-4251-9F3D-4078B8C0810F}"
EndProject
Project("{FAE04EC0-301F-11D3-BF4B-00C04F79EFBC}") = "EgyptShoppersHubEF", "EgyptShopper'sHubEF\EgyptShoppersHubEF.csproj", "{E0665BFA-916E-482A-AE19-F1BF93A3AB89}"
EndProject
Global
	GlobalSection(SolutionConfigurationPlatforms) = preSolution
		Debug|Any CPU = Debug|Any CPU
		Release|Any CPU = Release|Any CPU
	EndGlobalSection
	GlobalSection(ProjectConfigurationPlatforms) = postSolution
		{71613360-790A-421A-B2A7-1ADC88661819}.Debug|Any CPU.ActiveCfg = Debug|Any CPU
		{71613360-790A-421A-B2A7-1ADC88661819}.Debug|Any CPU.Build.0 = Debug|Any CPU
		{71613360-790A-421A-B2A7-1ADC88661819}.Release|Any CPU.ActiveCfg = Release|Any CPU
		{71613360-790A-421A-B2A7-1ADC88661819}.Release|Any CPU.Build.0 = Release|Any CPU
		{313A9230-971B-4251-9F3D-4078B8C0810F}.Debug|Any CPU.ActiveCfg = Debug|Any CPU
		{313A9230-971B-4251-9F3D-4078B8C0810F}.Debug|Any CPU.Build.0 = Debug|Any CPU
		{313A9230-971B-4251-9F3D-4078B8C0810F}.Release|Any CPU.ActiveCfg = Release|Any CPU
		{313A9230-971B-4251-9F3D-4078B8C0810F}.Release|Any CPU.Build.0 = Release|Any CPU
		{E0665BFA-916E-482A-AE19-F1BF93A3AB89}.Debug|Any CPU.ActiveCfg = Debug|Any CPU
		{E0665BFA-916E-482A-AE19-F1BF93A3AB89}.Debug|Any CPU.Build.0 = Debug|Any CPU
		{E0665BFA-916E-482A-AE19-F1BF93A3AB89}.Release|Any CPU.ActiveCfg = Release|Any CPU
		{E0665BFA-916E-482A-AE19-F1BF93A3AB89}.Release|Any CPU.Build.0 = Release|Any CPU
	EndGlobalSection
	GlobalSection(SolutionProperties) = preSolution
		HideSolutionNode = FALSE
	EndGlobalSection
	GlobalSection(ExtensibilityGlobals) = postSolution
		SolutionGuid = {C33B66CD-8B59-4007-97BE-F9D434488B2D}
	EndGlobalSection
EndGlobal
